
Microsoft Visual Studio Solution File, Format Version 12.00
# Visual Studio 15
VisualStudioVersion = 15.0.28307.1525
MinimumVisualStudioVersion = 10.0.40219.1
Project("{FAE04EC0-301F-11D3-BF4B-00C04F79EFBC}") = "ボタン受信", "ボタン受信\ボタン受信.csproj", "{B4328ADA-0799-4375-9593-97650F2564DF}"
EndProject
Global
	GlobalSection(SolutionConfigurationPlatforms) = preSolution
		Debug|Any CPU = Debug|Any CPU
		Release|Any CPU = Release|Any CPU
	EndGlobalSection
	GlobalSection(ProjectConfigurationPlatforms) = postSolution
		{B4328ADA-0799-4375-9593-97650F2564DF}.Debug|Any CPU.ActiveCfg = Debug|Any CPU
		{B4328ADA-0799-4375-9593-97650F2564DF}.Debug|Any CPU.Build.0 = Debug|Any CPU
		{B4328ADA-0799-4375-9593-97650F2564DF}.Release|Any CPU.ActiveCfg = Release|Any CPU
		{B4328ADA-0799-4375-9593-97650F2564DF}.Release|Any CPU.Build.0 = Release|Any CPU
	EndGlobalSection
	GlobalSection(SolutionProperties) = preSolution
		HideSolutionNode = FALSE
	EndGlobalSection
	GlobalSection(ExtensibilityGlobals) = postSolution
		SolutionGuid = {0493A7B9-D591-4856-B5EE-532676787C5B}
	EndGlobalSection
EndGlobal
